// !$*UTF8*$!
{
	archiveVersion = 1;
	classes = {
	};
	objectVersion = 46;
	objects = {

/* Begin PBXBuildFile section */
		3705E92A1D45ECF10028753A /* CDCenterViewController.m in Sources */ = {isa = PBXBuildFile; fileRef = 3705E9291D45ECF10028753A /* CDCenterViewController.m */; };
		3705E92D1D45EFD00028753A /* CDTabBar.m in Sources */ = {isa = PBXBuildFile; fileRef = 3705E92C1D45EFD00028753A /* CDTabBar.m */; };
		3705E9361D4608690028753A /* CDBaseViewController.m in Sources */ = {isa = PBXBuildFile; fileRef = 3705E9351D4608690028753A /* CDBaseViewController.m */; };
		372580161D1E79C7002629B4 /* main.m in Sources */ = {isa = PBXBuildFile; fileRef = 372580151D1E79C7002629B4 /* main.m */; };
		372580191D1E79C7002629B4 /* AppDelegate.m in Sources */ = {isa = PBXBuildFile; fileRef = 372580181D1E79C7002629B4 /* AppDelegate.m */; };
		372580211D1E79C7002629B4 /* Assets.xcassets in Resources */ = {isa = PBXBuildFile; fileRef = 372580201D1E79C7002629B4 /* Assets.xcassets */; };
		372580241D1E79C7002629B4 /* LaunchScreen.storyboard in Resources */ = {isa = PBXBuildFile; fileRef = 372580221D1E79C7002629B4 /* LaunchScreen.storyboard */; };
		372580311D1E7AE7002629B4 /* CDCollectionViewController.m in Sources */ = {isa = PBXBuildFile; fileRef = 372580301D1E7AE7002629B4 /* CDCollectionViewController.m */; };
		372580341D1E7B3A002629B4 /* CDCollectionViewFlowLayout.m in Sources */ = {isa = PBXBuildFile; fileRef = 372580331D1E7B3A002629B4 /* CDCollectionViewFlowLayout.m */; };
		372580381D1E7D36002629B4 /* UIKit.framework in Frameworks */ = {isa = PBXBuildFile; fileRef = 372580371D1E7D36002629B4 /* UIKit.framework */; };
		3725803A1D1E7D50002629B4 /* Foundation.framework in Frameworks */ = {isa = PBXBuildFile; fileRef = 372580391D1E7D50002629B4 /* Foundation.framework */; };
		3725803D1D1E7DBA002629B4 /* CDMainViewController.m in Sources */ = {isa = PBXBuildFile; fileRef = 3725803C1D1E7DBA002629B4 /* CDMainViewController.m */; };
		372580451D1E86BF002629B4 /* UIView+CDViewCategory.m in Sources */ = {isa = PBXBuildFile; fileRef = 372580441D1E86BF002629B4 /* UIView+CDViewCategory.m */; };
		374FE59D1D348CD300AD089B /* CDAutoModel.m in Sources */ = {isa = PBXBuildFile; fileRef = 374FE59C1D348CD300AD089B /* CDAutoModel.m */; };
		374FE5A01D34C2E400AD089B /* CDTestAnimationViewController.m in Sources */ = {isa = PBXBuildFile; fileRef = 374FE59F1D34C2E400AD089B /* CDTestAnimationViewController.m */; };
		375112EE1D49A59C00810727 /* CDTestCellLongPressViewController.m in Sources */ = {isa = PBXBuildFile; fileRef = 375112ED1D49A59C00810727 /* CDTestCellLongPressViewController.m */; };
		375112F11D49A7D700810727 /* CDLongPressCell.m in Sources */ = {isa = PBXBuildFile; fileRef = 375112F01D49A7D700810727 /* CDLongPressCell.m */; };
		37532F071D3DD0BD003CFE0C /* CDTestBaseModelViewController.m in Sources */ = {isa = PBXBuildFile; fileRef = 37532F061D3DD0BD003CFE0C /* CDTestBaseModelViewController.m */; };
		37532F0D1D3DD2A1003CFE0C /* CDTestModel.m in Sources */ = {isa = PBXBuildFile; fileRef = 37532F0C1D3DD2A1003CFE0C /* CDTestModel.m */; };
		3769EFFB1D41F6C3008B5083 /* CDTestTabBarViewController.m in Sources */ = {isa = PBXBuildFile; fileRef = 3769EFFA1D41F6C3008B5083 /* CDTestTabBarViewController.m */; };
		3769F0201D420059008B5083 /* CDFourTabBarViewController.m in Sources */ = {isa = PBXBuildFile; fileRef = 3769F0181D420059008B5083 /* CDFourTabBarViewController.m */; };
		3769F0211D420059008B5083 /* CDOneTabBarViewController.m in Sources */ = {isa = PBXBuildFile; fileRef = 3769F01A1D420059008B5083 /* CDOneTabBarViewController.m */; };
		3769F0221D420059008B5083 /* CDThreeTabBarViewController.m in Sources */ = {isa = PBXBuildFile; fileRef = 3769F01C1D420059008B5083 /* CDThreeTabBarViewController.m */; };
		3769F0231D420059008B5083 /* CDTwoTabBarViewController.m in Sources */ = {isa = PBXBuildFile; fileRef = 3769F01E1D420059008B5083 /* CDTwoTabBarViewController.m */; };
		3769F0281D421E3B008B5083 /* CDBaseNavigationController.m in Sources */ = {isa = PBXBuildFile; fileRef = 3769F0271D421E3B008B5083 /* CDBaseNavigationController.m */; };
		376C16211D3CAD41002AA201 /* CDFlipAnimation.m in Sources */ = {isa = PBXBuildFile; fileRef = 376C16201D3CAD41002AA201 /* CDFlipAnimation.m */; };
		376C16241D3CAFF6002AA201 /* CDWaveAnimation.m in Sources */ = {isa = PBXBuildFile; fileRef = 376C16231D3CAFF6002AA201 /* CDWaveAnimation.m */; };
		376C16271D3CDC6A002AA201 /* CDViewAnimation.m in Sources */ = {isa = PBXBuildFile; fileRef = 376C16261D3CDC6A002AA201 /* CDViewAnimation.m */; };
		376E1A171D46F28A00D62128 /* CDRippleAnimation.m in Sources */ = {isa = PBXBuildFile; fileRef = 376E1A161D46F28A00D62128 /* CDRippleAnimation.m */; };
		376E1A1A1D46F8C100D62128 /* CDCubeAnimation.m in Sources */ = {isa = PBXBuildFile; fileRef = 376E1A191D46F8C100D62128 /* CDCubeAnimation.m */; };
		376E1A1E1D46F9D800D62128 /* 1.jpg in Resources */ = {isa = PBXBuildFile; fileRef = 376E1A1B1D46F9D800D62128 /* 1.jpg */; };
		376E1A1F1D46F9D800D62128 /* 2.jpg in Resources */ = {isa = PBXBuildFile; fileRef = 376E1A1C1D46F9D800D62128 /* 2.jpg */; };
		376E1A201D46F9D800D62128 /* 3.jpg in Resources */ = {isa = PBXBuildFile; fileRef = 376E1A1D1D46F9D800D62128 /* 3.jpg */; };
		376E1A271D470AA500D62128 /* 0.jpg in Resources */ = {isa = PBXBuildFile; fileRef = 376E1A251D470AA500D62128 /* 0.jpg */; };
		376E1A281D470AA500D62128 /* 4.jpg in Resources */ = {isa = PBXBuildFile; fileRef = 376E1A261D470AA500D62128 /* 4.jpg */; };
		376E1A2B1D4733F200D62128 /* CDContinueFrameAnimation.m in Sources */ = {isa = PBXBuildFile; fileRef = 376E1A2A1D4733F200D62128 /* CDContinueFrameAnimation.m */; };
		376E1A391D47353E00D62128 /* loadingState270-0001.png in Resources */ = {isa = PBXBuildFile; fileRef = 376E1A2D1D47353E00D62128 /* loadingState270-0001.png */; };
		376E1A3A1D47353E00D62128 /* loadingState270-0002.png in Resources */ = {isa = PBXBuildFile; fileRef = 376E1A2E1D47353E00D62128 /* loadingState270-0002.png */; };
		376E1A3B1D47353E00D62128 /* loadingState270-0003.png in Resources */ = {isa = PBXBuildFile; fileRef = 376E1A2F1D47353E00D62128 /* loadingState270-0003.png */; };
		376E1A3C1D47353E00D62128 /* loadingState270-0004.png in Resources */ = {isa = PBXBuildFile; fileRef = 376E1A301D47353E00D62128 /* loadingState270-0004.png */; };
		376E1A3D1D47353E00D62128 /* loadingState270-0005.png in Resources */ = {isa = PBXBuildFile; fileRef = 376E1A311D47353E00D62128 /* loadingState270-0005.png */; };
		376E1A3E1D47353E00D62128 /* loadingState270-0006.png in Resources */ = {isa = PBXBuildFile; fileRef = 376E1A321D47353E00D62128 /* loadingState270-0006.png */; };
		376E1A3F1D47353E00D62128 /* loadingState270-0007.png in Resources */ = {isa = PBXBuildFile; fileRef = 376E1A331D47353E00D62128 /* loadingState270-0007.png */; };
		376E1A401D47353E00D62128 /* loadingState270-0008.png in Resources */ = {isa = PBXBuildFile; fileRef = 376E1A341D47353E00D62128 /* loadingState270-0008.png */; };
		376E1A411D47353E00D62128 /* loadingState270-0009.png in Resources */ = {isa = PBXBuildFile; fileRef = 376E1A351D47353E00D62128 /* loadingState270-0009.png */; };
		376E1A481D47359A00D62128 /* loadingState270-00010.png in Resources */ = {isa = PBXBuildFile; fileRef = 376E1A451D47359A00D62128 /* loadingState270-00010.png */; };
		376E1A491D47359A00D62128 /* loadingState270-00011.png in Resources */ = {isa = PBXBuildFile; fileRef = 376E1A461D47359A00D62128 /* loadingState270-00011.png */; };
		376E1A4A1D47359A00D62128 /* loadingState270-00012.png in Resources */ = {isa = PBXBuildFile; fileRef = 376E1A471D47359A00D62128 /* loadingState270-00012.png */; };
		3774CBDB1D3F793600240D43 /* CDBaseObject.m in Sources */ = {isa = PBXBuildFile; fileRef = 3774CBDA1D3F793600240D43 /* CDBaseObject.m */; };
		3793E34B1D38EE8B00955777 /* CDTestFontViewController.m in Sources */ = {isa = PBXBuildFile; fileRef = 3793E34A1D38EE8B00955777 /* CDTestFontViewController.m */; };
		379D7D411D2F86EA0061F2B6 /* CDMenuView.m in Sources */ = {isa = PBXBuildFile; fileRef = 379D7D401D2F86EA0061F2B6 /* CDMenuView.m */; };
		379D7D441D2F88150061F2B6 /* CDMenuCollectionCell.m in Sources */ = {isa = PBXBuildFile; fileRef = 379D7D431D2F88150061F2B6 /* CDMenuCollectionCell.m */; };
		379D7D471D2F91CC0061F2B6 /* CDTestMenuViewController.m in Sources */ = {isa = PBXBuildFile; fileRef = 379D7D461D2F91CC0061F2B6 /* CDTestMenuViewController.m */; };
		37A5B6301D2DF9D100F09090 /* CExpandHeader.m in Sources */ = {isa = PBXBuildFile; fileRef = 37A5B62E1D2DF9D100F09090 /* CExpandHeader.m */; };
		37A5B6311D2DF9D100F09090 /* header_view_image_bg.jpg in Resources */ = {isa = PBXBuildFile; fileRef = 37A5B62F1D2DF9D100F09090 /* header_view_image_bg.jpg */; };
		37A5B63A1D2E07EB00F09090 /* CDBaseTableViewCell+CDGroupCellCategory.m in Sources */ = {isa = PBXBuildFile; fileRef = 37A5B6391D2E07EB00F09090 /* CDBaseTableViewCell+CDGroupCellCategory.m */; };
		37A5B6401D2E2C7100F09090 /* UIImage+RoundedCorner.m in Sources */ = {isa = PBXBuildFile; fileRef = 37A5B63D1D2E2C7100F09090 /* UIImage+RoundedCorner.m */; };
		37A5B6411D2E2C7100F09090 /* UIView+RoundedCorner.m in Sources */ = {isa = PBXBuildFile; fileRef = 37A5B63F1D2E2C7100F09090 /* UIView+RoundedCorner.m */; };
		37A5B6441D2E349400F09090 /* CDTestTableCell.m in Sources */ = {isa = PBXBuildFile; fileRef = 37A5B6431D2E349400F09090 /* CDTestTableCell.m */; };
		37A5B64A1D2E444700F09090 /* CDTestCustomGroupController.m in Sources */ = {isa = PBXBuildFile; fileRef = 37A5B6491D2E444700F09090 /* CDTestCustomGroupController.m */; };
		37B22C611D45B81E007FB197 /* UIImage+CDColorCategory.m in Sources */ = {isa = PBXBuildFile; fileRef = 37B22C601D45B81E007FB197 /* UIImage+CDColorCategory.m */; };
		37B8EB0E1D4065AF0062C4B6 /* CDConstSetup.m in Sources */ = {isa = PBXBuildFile; fileRef = 37B8EB0D1D4065AF0062C4B6 /* CDConstSetup.m */; };
		37B8EB1D1D40B3640062C4B6 /* FXBlurView.m in Sources */ = {isa = PBXBuildFile; fileRef = 37B8EB1C1D40B3640062C4B6 /* FXBlurView.m */; };
		37B8EB201D40B3900062C4B6 /* CDTestBlurViewController.m in Sources */ = {isa = PBXBuildFile; fileRef = 37B8EB1F1D40B3900062C4B6 /* CDTestBlurViewController.m */; };
		37B8EB241D40B4F40062C4B6 /* IMG_2705.JPG in Resources */ = {isa = PBXBuildFile; fileRef = 37B8EB211D40B4F40062C4B6 /* IMG_2705.JPG */; };
		37B8EB251D40B4F40062C4B6 /* IMG_2717.PNG in Resources */ = {isa = PBXBuildFile; fileRef = 37B8EB221D40B4F40062C4B6 /* IMG_2717.PNG */; };
		37B8EB261D40B4F40062C4B6 /* IMG_2718.PNG in Resources */ = {isa = PBXBuildFile; fileRef = 37B8EB231D40B4F40062C4B6 /* IMG_2718.PNG */; };
		37DAF8791D33A287001BF809 /* CDTestAutoLayoutViewController.m in Sources */ = {isa = PBXBuildFile; fileRef = 37DAF8781D33A287001BF809 /* CDTestAutoLayoutViewController.m */; };
		37DAF87C1D33A3F1001BF809 /* CDAutoLayoutTableCell.m in Sources */ = {isa = PBXBuildFile; fileRef = 37DAF87B1D33A3F1001BF809 /* CDAutoLayoutTableCell.m */; };
		37DAF87F1D33A456001BF809 /* CDBaseTableViewCell.m in Sources */ = {isa = PBXBuildFile; fileRef = 37DAF87E1D33A456001BF809 /* CDBaseTableViewCell.m */; };
		37DD7D451D30D6D80053C326 /* test_icon.png in Resources */ = {isa = PBXBuildFile; fileRef = 37DD7D441D30D6D80053C326 /* test_icon.png */; };
		78DBA9475F1CBF735734A38E /* libPods-CDFunctionTestProject.a in Frameworks */ = {isa = PBXBuildFile; fileRef = F5A388F56147CCBE0E353B4F /* libPods-CDFunctionTestProject.a */; };
/* End PBXBuildFile section */

/* Begin PBXFileReference section */
		3705E9281D45ECF10028753A /* CDCenterViewController.h */ = {isa = PBXFileReference; fileEncoding = 4; lastKnownFileType = sourcecode.c.h; path = CDCenterViewController.h; sourceTree = "<group>"; };
		3705E9291D45ECF10028753A /* CDCenterViewController.m */ = {isa = PBXFileReference; fileEncoding = 4; lastKnownFileType = sourcecode.c.objc; path = CDCenterViewController.m; sourceTree = "<group>"; };
		3705E92B1D45EFD00028753A /* CDTabBar.h */ = {isa = PBXFileReference; fileEncoding = 4; lastKnownFileType = sourcecode.c.h; path = CDTabBar.h; sourceTree = "<group>"; };
		3705E92C1D45EFD00028753A /* CDTabBar.m */ = {isa = PBXFileReference; fileEncoding = 4; lastKnownFileType = sourcecode.c.objc; path = CDTabBar.m; sourceTree = "<group>"; };
		3705E9341D4608690028753A /* CDBaseViewController.h */ = {isa = PBXFileReference; fileEncoding = 4; lastKnownFileType = sourcecode.c.h; path = CDBaseViewController.h; sourceTree = "<group>"; };
		3705E9351D4608690028753A /* CDBaseViewController.m */ = {isa = PBXFileReference; fileEncoding = 4; lastKnownFileType = sourcecode.c.objc; path = CDBaseViewController.m; sourceTree = "<group>"; };
		372580111D1E79C7002629B4 /* CDFunctionTestProject.app */ = {isa = PBXFileReference; explicitFileType = wrapper.application; includeInIndex = 0; path = CDFunctionTestProject.app; sourceTree = BUILT_PRODUCTS_DIR; };
		372580151D1E79C7002629B4 /* main.m */ = {isa = PBXFileReference; lastKnownFileType = sourcecode.c.objc; path = main.m; sourceTree = "<group>"; };
		372580171D1E79C7002629B4 /* AppDelegate.h */ = {isa = PBXFileReference; lastKnownFileType = sourcecode.c.h; path = AppDelegate.h; sourceTree = "<group>"; };
		372580181D1E79C7002629B4 /* AppDelegate.m */ = {isa = PBXFileReference; lastKnownFileType = sourcecode.c.objc; path = AppDelegate.m; sourceTree = "<group>"; };
		372580201D1E79C7002629B4 /* Assets.xcassets */ = {isa = PBXFileReference; lastKnownFileType = folder.assetcatalog; path = Assets.xcassets; sourceTree = "<group>"; };
		372580231D1E79C7002629B4 /* Base */ = {isa = PBXFileReference; lastKnownFileType = file.storyboard; name = Base; path = Base.lproj/LaunchScreen.storyboard; sourceTree = "<group>"; };
		372580251D1E79C7002629B4 /* Info.plist */ = {isa = PBXFileReference; lastKnownFileType = text.plist.xml; path = Info.plist; sourceTree = "<group>"; };
		3725802F1D1E7AE7002629B4 /* CDCollectionViewController.h */ = {isa = PBXFileReference; fileEncoding = 4; lastKnownFileType = sourcecode.c.h; path = CDCollectionViewController.h; sourceTree = "<group>"; };
		372580301D1E7AE7002629B4 /* CDCollectionViewController.m */ = {isa = PBXFileReference; fileEncoding = 4; lastKnownFileType = sourcecode.c.objc; path = CDCollectionViewController.m; sourceTree = "<group>"; };
		372580321D1E7B3A002629B4 /* CDCollectionViewFlowLayout.h */ = {isa = PBXFileReference; fileEncoding = 4; lastKnownFileType = sourcecode.c.h; path = CDCollectionViewFlowLayout.h; sourceTree = "<group>"; };
		372580331D1E7B3A002629B4 /* CDCollectionViewFlowLayout.m */ = {isa = PBXFileReference; fileEncoding = 4; lastKnownFileType = sourcecode.c.objc; path = CDCollectionViewFlowLayout.m; sourceTree = "<group>"; };
		372580351D1E7C07002629B4 /* PrefixHeader.pch */ = {isa = PBXFileReference; fileEncoding = 4; lastKnownFileType = sourcecode.c.h; path = PrefixHeader.pch; sourceTree = "<group>"; };
		372580371D1E7D36002629B4 /* UIKit.framework */ = {isa = PBXFileReference; lastKnownFileType = wrapper.framework; name = UIKit.framework; path = System/Library/Frameworks/UIKit.framework; sourceTree = SDKROOT; };
		372580391D1E7D50002629B4 /* Foundation.framework */ = {isa = PBXFileReference; lastKnownFileType = wrapper.framework; name = Foundation.framework; path = System/Library/Frameworks/Foundation.framework; sourceTree = SDKROOT; };
		3725803B1D1E7DBA002629B4 /* CDMainViewController.h */ = {isa = PBXFileReference; fileEncoding = 4; lastKnownFileType = sourcecode.c.h; path = CDMainViewController.h; sourceTree = "<group>"; };
		3725803C1D1E7DBA002629B4 /* CDMainViewController.m */ = {isa = PBXFileReference; fileEncoding = 4; lastKnownFileType = sourcecode.c.objc; path = CDMainViewController.m; sourceTree = "<group>"; };
		372580431D1E86BF002629B4 /* UIView+CDViewCategory.h */ = {isa = PBXFileReference; fileEncoding = 4; lastKnownFileType = sourcecode.c.h; path = "UIView+CDViewCategory.h"; sourceTree = "<group>"; };
		372580441D1E86BF002629B4 /* UIView+CDViewCategory.m */ = {isa = PBXFileReference; fileEncoding = 4; lastKnownFileType = sourcecode.c.objc; path = "UIView+CDViewCategory.m"; sourceTree = "<group>"; };
		374FE59B1D348CD300AD089B /* CDAutoModel.h */ = {isa = PBXFileReference; fileEncoding = 4; lastKnownFileType = sourcecode.c.h; path = CDAutoModel.h; sourceTree = "<group>"; };
		374FE59C1D348CD300AD089B /* CDAutoModel.m */ = {isa = PBXFileReference; fileEncoding = 4; lastKnownFileType = sourcecode.c.objc; path = CDAutoModel.m; sourceTree = "<group>"; };
		374FE59E1D34C2E400AD089B /* CDTestAnimationViewController.h */ = {isa = PBXFileReference; fileEncoding = 4; lastKnownFileType = sourcecode.c.h; path = CDTestAnimationViewController.h; sourceTree = "<group>"; };
		374FE59F1D34C2E400AD089B /* CDTestAnimationViewController.m */ = {isa = PBXFileReference; fileEncoding = 4; lastKnownFileType = sourcecode.c.objc; path = CDTestAnimationViewController.m; sourceTree = "<group>"; };
		375112EC1D49A59C00810727 /* CDTestCellLongPressViewController.h */ = {isa = PBXFileReference; fileEncoding = 4; lastKnownFileType = sourcecode.c.h; path = CDTestCellLongPressViewController.h; sourceTree = "<group>"; };
		375112ED1D49A59C00810727 /* CDTestCellLongPressViewController.m */ = {isa = PBXFileReference; fileEncoding = 4; lastKnownFileType = sourcecode.c.objc; path = CDTestCellLongPressViewController.m; sourceTree = "<group>"; };
		375112EF1D49A7D700810727 /* CDLongPressCell.h */ = {isa = PBXFileReference; fileEncoding = 4; lastKnownFileType = sourcecode.c.h; path = CDLongPressCell.h; sourceTree = "<group>"; };
		375112F01D49A7D700810727 /* CDLongPressCell.m */ = {isa = PBXFileReference; fileEncoding = 4; lastKnownFileType = sourcecode.c.objc; path = CDLongPressCell.m; sourceTree = "<group>"; };
		37532F051D3DD0BD003CFE0C /* CDTestBaseModelViewController.h */ = {isa = PBXFileReference; fileEncoding = 4; lastKnownFileType = sourcecode.c.h; path = CDTestBaseModelViewController.h; sourceTree = "<group>"; };
		37532F061D3DD0BD003CFE0C /* CDTestBaseModelViewController.m */ = {isa = PBXFileReference; fileEncoding = 4; lastKnownFileType = sourcecode.c.objc; path = CDTestBaseModelViewController.m; sourceTree = "<group>"; };
		37532F0B1D3DD2A1003CFE0C /* CDTestModel.h */ = {isa = PBXFileReference; fileEncoding = 4; lastKnownFileType = sourcecode.c.h; path = CDTestModel.h; sourceTree = "<group>"; };
		37532F0C1D3DD2A1003CFE0C /* CDTestModel.m */ = {isa = PBXFileReference; fileEncoding = 4; lastKnownFileType = sourcecode.c.objc; path = CDTestModel.m; sourceTree = "<group>"; };
		3769EFF91D41F6C3008B5083 /* CDTestTabBarViewController.h */ = {isa = PBXFileReference; fileEncoding = 4; lastKnownFileType = sourcecode.c.h; path = CDTestTabBarViewController.h; sourceTree = "<group>"; };
		3769EFFA1D41F6C3008B5083 /* CDTestTabBarViewController.m */ = {isa = PBXFileReference; fileEncoding = 4; lastKnownFileType = sourcecode.c.objc; path = CDTestTabBarViewController.m; sourceTree = "<group>"; };
		3769F0171D420059008B5083 /* CDFourTabBarViewController.h */ = {isa = PBXFileReference; fileEncoding = 4; lastKnownFileType = sourcecode.c.h; path = CDFourTabBarViewController.h; sourceTree = "<group>"; };
		3769F0181D420059008B5083 /* CDFourTabBarViewController.m */ = {isa = PBXFileReference; fileEncoding = 4; lastKnownFileType = sourcecode.c.objc; path = CDFourTabBarViewController.m; sourceTree = "<group>"; };
		3769F0191D420059008B5083 /* CDOneTabBarViewController.h */ = {isa = PBXFileReference; fileEncoding = 4; lastKnownFileType = sourcecode.c.h; path = CDOneTabBarViewController.h; sourceTree = "<group>"; };
		3769F01A1D420059008B5083 /* CDOneTabBarViewController.m */ = {isa = PBXFileReference; fileEncoding = 4; lastKnownFileType = sourcecode.c.objc; path = CDOneTabBarViewController.m; sourceTree = "<group>"; };
		3769F01B1D420059008B5083 /* CDThreeTabBarViewController.h */ = {isa = PBXFileReference; fileEncoding = 4; lastKnownFileType = sourcecode.c.h; path = CDThreeTabBarViewController.h; sourceTree = "<group>"; };
		3769F01C1D420059008B5083 /* CDThreeTabBarViewController.m */ = {isa = PBXFileReference; fileEncoding = 4; lastKnownFileType = sourcecode.c.objc; path = CDThreeTabBarViewController.m; sourceTree = "<group>"; };
		3769F01D1D420059008B5083 /* CDTwoTabBarViewController.h */ = {isa = PBXFileReference; fileEncoding = 4; lastKnownFileType = sourcecode.c.h; path = CDTwoTabBarViewController.h; sourceTree = "<group>"; };
		3769F01E1D420059008B5083 /* CDTwoTabBarViewController.m */ = {isa = PBXFileReference; fileEncoding = 4; lastKnownFileType = sourcecode.c.objc; path = CDTwoTabBarViewController.m; sourceTree = "<group>"; };
		3769F0261D421E3B008B5083 /* CDBaseNavigationController.h */ = {isa = PBXFileReference; fileEncoding = 4; lastKnownFileType = sourcecode.c.h; path = CDBaseNavigationController.h; sourceTree = "<group>"; };
		3769F0271D421E3B008B5083 /* CDBaseNavigationController.m */ = {isa = PBXFileReference; fileEncoding = 4; lastKnownFileType = sourcecode.c.objc; path = CDBaseNavigationController.m; sourceTree = "<group>"; };
		376C161F1D3CAD41002AA201 /* CDFlipAnimation.h */ = {isa = PBXFileReference; fileEncoding = 4; lastKnownFileType = sourcecode.c.h; path = CDFlipAnimation.h; sourceTree = "<group>"; };
		376C16201D3CAD41002AA201 /* CDFlipAnimation.m */ = {isa = PBXFileReference; fileEncoding = 4; lastKnownFileType = sourcecode.c.objc; path = CDFlipAnimation.m; sourceTree = "<group>"; };
		376C16221D3CAFF6002AA201 /* CDWaveAnimation.h */ = {isa = PBXFileReference; fileEncoding = 4; lastKnownFileType = sourcecode.c.h; path = CDWaveAnimation.h; sourceTree = "<group>"; };
		376C16231D3CAFF6002AA201 /* CDWaveAnimation.m */ = {isa = PBXFileReference; fileEncoding = 4; lastKnownFileType = sourcecode.c.objc; path = CDWaveAnimation.m; sourceTree = "<group>"; };
		376C16251D3CDC6A002AA201 /* CDViewAnimation.h */ = {isa = PBXFileReference; fileEncoding = 4; lastKnownFileType = sourcecode.c.h; path = CDViewAnimation.h; sourceTree = "<group>"; };
		376C16261D3CDC6A002AA201 /* CDViewAnimation.m */ = {isa = PBXFileReference; fileEncoding = 4; lastKnownFileType = sourcecode.c.objc; path = CDViewAnimation.m; sourceTree = "<group>"; };
		376E1A151D46F28A00D62128 /* CDRippleAnimation.h */ = {isa = PBXFileReference; fileEncoding = 4; lastKnownFileType = sourcecode.c.h; path = CDRippleAnimation.h; sourceTree = "<group>"; };
		376E1A161D46F28A00D62128 /* CDRippleAnimation.m */ = {isa = PBXFileReference; fileEncoding = 4; lastKnownFileType = sourcecode.c.objc; path = CDRippleAnimation.m; sourceTree = "<group>"; };
		376E1A181D46F8C100D62128 /* CDCubeAnimation.h */ = {isa = PBXFileReference; fileEncoding = 4; lastKnownFileType = sourcecode.c.h; path = CDCubeAnimation.h; sourceTree = "<group>"; };
		376E1A191D46F8C100D62128 /* CDCubeAnimation.m */ = {isa = PBXFileReference; fileEncoding = 4; lastKnownFileType = sourcecode.c.objc; path = CDCubeAnimation.m; sourceTree = "<group>"; };
		376E1A1B1D46F9D800D62128 /* 1.jpg */ = {isa = PBXFileReference; lastKnownFileType = image.jpeg; path = 1.jpg; sourceTree = "<group>"; };
		376E1A1C1D46F9D800D62128 /* 2.jpg */ = {isa = PBXFileReference; lastKnownFileType = image.jpeg; path = 2.jpg; sourceTree = "<group>"; };
		376E1A1D1D46F9D800D62128 /* 3.jpg */ = {isa = PBXFileReference; lastKnownFileType = image.jpeg; path = 3.jpg; sourceTree = "<group>"; };
		376E1A251D470AA500D62128 /* 0.jpg */ = {isa = PBXFileReference; lastKnownFileType = image.jpeg; path = 0.jpg; sourceTree = "<group>"; };
		376E1A261D470AA500D62128 /* 4.jpg */ = {isa = PBXFileReference; lastKnownFileType = image.jpeg; path = 4.jpg; sourceTree = "<group>"; };
		376E1A291D4733F200D62128 /* CDContinueFrameAnimation.h */ = {isa = PBXFileReference; fileEncoding = 4; lastKnownFileType = sourcecode.c.h; path = CDContinueFrameAnimation.h; sourceTree = "<group>"; };
		376E1A2A1D4733F200D62128 /* CDContinueFrameAnimation.m */ = {isa = PBXFileReference; fileEncoding = 4; lastKnownFileType = sourcecode.c.objc; path = CDContinueFrameAnimation.m; sourceTree = "<group>"; };
		376E1A2D1D47353E00D62128 /* loadingState270-0001.png */ = {isa = PBXFileReference; lastKnownFileType = image.png; path = "loadingState270-0001.png"; sourceTree = "<group>"; };
		376E1A2E1D47353E00D62128 /* loadingState270-0002.png */ = {isa = PBXFileReference; lastKnownFileType = image.png; path = "loadingState270-0002.png"; sourceTree = "<group>"; };
		376E1A2F1D47353E00D62128 /* loadingState270-0003.png */ = {isa = PBXFileReference; lastKnownFileType = image.png; path = "loadingState270-0003.png"; sourceTree = "<group>"; };
		376E1A301D47353E00D62128 /* loadingState270-0004.png */ = {isa = PBXFileReference; lastKnownFileType = image.png; path = "loadingState270-0004.png"; sourceTree = "<group>"; };
		376E1A311D47353E00D62128 /* loadingState270-0005.png */ = {isa = PBXFileReference; lastKnownFileType = image.png; path = "loadingState270-0005.png"; sourceTree = "<group>"; };
		376E1A321D47353E00D62128 /* loadingState270-0006.png */ = {isa = PBXFileReference; lastKnownFileType = image.png; path = "loadingState270-0006.png"; sourceTree = "<group>"; };
		376E1A331D47353E00D62128 /* loadingState270-0007.png */ = {isa = PBXFileReference; lastKnownFileType = image.png; path = "loadingState270-0007.png"; sourceTree = "<group>"; };
		376E1A341D47353E00D62128 /* loadingState270-0008.png */ = {isa = PBXFileReference; lastKnownFileType = image.png; path = "loadingState270-0008.png"; sourceTree = "<group>"; };
		376E1A351D47353E00D62128 /* loadingState270-0009.png */ = {isa = PBXFileReference; lastKnownFileType = image.png; path = "loadingState270-0009.png"; sourceTree = "<group>"; };
		376E1A451D47359A00D62128 /* loadingState270-00010.png */ = {isa = PBXFileReference; lastKnownFileType = image.png; path = "loadingState270-00010.png"; sourceTree = "<group>"; };
		376E1A461D47359A00D62128 /* loadingState270-00011.png */ = {isa = PBXFileReference; lastKnownFileType = image.png; path = "loadingState270-00011.png"; sourceTree = "<group>"; };
		376E1A471D47359A00D62128 /* loadingState270-00012.png */ = {isa = PBXFileReference; lastKnownFileType = image.png; path = "loadingState270-00012.png"; sourceTree = "<group>"; };
		3774CBD91D3F793600240D43 /* CDBaseObject.h */ = {isa = PBXFileReference; fileEncoding = 4; lastKnownFileType = sourcecode.c.h; path = CDBaseObject.h; sourceTree = "<group>"; };
		3774CBDA1D3F793600240D43 /* CDBaseObject.m */ = {isa = PBXFileReference; fileEncoding = 4; lastKnownFileType = sourcecode.c.objc; path = CDBaseObject.m; sourceTree = "<group>"; };
		3793E3451D38E8E400955777 /* CDHeaderDefine.h */ = {isa = PBXFileReference; fileEncoding = 4; lastKnownFileType = sourcecode.c.h; path = CDHeaderDefine.h; sourceTree = "<group>"; };
		3793E3491D38EE8B00955777 /* CDTestFontViewController.h */ = {isa = PBXFileReference; fileEncoding = 4; lastKnownFileType = sourcecode.c.h; path = CDTestFontViewController.h; sourceTree = "<group>"; };
		3793E34A1D38EE8B00955777 /* CDTestFontViewController.m */ = {isa = PBXFileReference; fileEncoding = 4; lastKnownFileType = sourcecode.c.objc; path = CDTestFontViewController.m; sourceTree = "<group>"; };
		379D7D3F1D2F86EA0061F2B6 /* CDMenuView.h */ = {isa = PBXFileReference; fileEncoding = 4; lastKnownFileType = sourcecode.c.h; path = CDMenuView.h; sourceTree = "<group>"; };
		379D7D401D2F86EA0061F2B6 /* CDMenuView.m */ = {isa = PBXFileReference; fileEncoding = 4; lastKnownFileType = sourcecode.c.objc; path = CDMenuView.m; sourceTree = "<group>"; };
		379D7D421D2F88150061F2B6 /* CDMenuCollectionCell.h */ = {isa = PBXFileReference; fileEncoding = 4; lastKnownFileType = sourcecode.c.h; path = CDMenuCollectionCell.h; sourceTree = "<group>"; };
		379D7D431D2F88150061F2B6 /* CDMenuCollectionCell.m */ = {isa = PBXFileReference; fileEncoding = 4; lastKnownFileType = sourcecode.c.objc; path = CDMenuCollectionCell.m; sourceTree = "<group>"; };
		379D7D451D2F91CC0061F2B6 /* CDTestMenuViewController.h */ = {isa = PBXFileReference; fileEncoding = 4; lastKnownFileType = sourcecode.c.h; path = CDTestMenuViewController.h; sourceTree = "<group>"; };
		379D7D461D2F91CC0061F2B6 /* CDTestMenuViewController.m */ = {isa = PBXFileReference; fileEncoding = 4; lastKnownFileType = sourcecode.c.objc; path = CDTestMenuViewController.m; sourceTree = "<group>"; };
		37A5B62D1D2DF9D100F09090 /* CExpandHeader.h */ = {isa = PBXFileReference; fileEncoding = 4; lastKnownFileType = sourcecode.c.h; path = CExpandHeader.h; sourceTree = "<group>"; };
		37A5B62E1D2DF9D100F09090 /* CExpandHeader.m */ = {isa = PBXFileReference; fileEncoding = 4; lastKnownFileType = sourcecode.c.objc; path = CExpandHeader.m; sourceTree = "<group>"; };
		37A5B62F1D2DF9D100F09090 /* header_view_image_bg.jpg */ = {isa = PBXFileReference; lastKnownFileType = image.jpeg; path = header_view_image_bg.jpg; sourceTree = "<group>"; };
		37A5B6381D2E07EB00F09090 /* CDBaseTableViewCell+CDGroupCellCategory.h */ = {isa = PBXFileReference; fileEncoding = 4; lastKnownFileType = sourcecode.c.h; path = "CDBaseTableViewCell+CDGroupCellCategory.h"; sourceTree = "<group>"; };
		37A5B6391D2E07EB00F09090 /* CDBaseTableViewCell+CDGroupCellCategory.m */ = {isa = PBXFileReference; fileEncoding = 4; lastKnownFileType = sourcecode.c.objc; path = "CDBaseTableViewCell+CDGroupCellCategory.m"; sourceTree = "<group>"; };
		37A5B63C1D2E2C7100F09090 /* UIImage+RoundedCorner.h */ = {isa = PBXFileReference; fileEncoding = 4; lastKnownFileType = sourcecode.c.h; path = "UIImage+RoundedCorner.h"; sourceTree = "<group>"; };
		37A5B63D1D2E2C7100F09090 /* UIImage+RoundedCorner.m */ = {isa = PBXFileReference; fileEncoding = 4; lastKnownFileType = sourcecode.c.objc; path = "UIImage+RoundedCorner.m"; sourceTree = "<group>"; };
		37A5B63E1D2E2C7100F09090 /* UIView+RoundedCorner.h */ = {isa = PBXFileReference; fileEncoding = 4; lastKnownFileType = sourcecode.c.h; path = "UIView+RoundedCorner.h"; sourceTree = "<group>"; };
		37A5B63F1D2E2C7100F09090 /* UIView+RoundedCorner.m */ = {isa = PBXFileReference; fileEncoding = 4; lastKnownFileType = sourcecode.c.objc; path = "UIView+RoundedCorner.m"; sourceTree = "<group>"; };
		37A5B6421D2E349400F09090 /* CDTestTableCell.h */ = {isa = PBXFileReference; fileEncoding = 4; lastKnownFileType = sourcecode.c.h; path = CDTestTableCell.h; sourceTree = "<group>"; };
		37A5B6431D2E349400F09090 /* CDTestTableCell.m */ = {isa = PBXFileReference; fileEncoding = 4; lastKnownFileType = sourcecode.c.objc; path = CDTestTableCell.m; sourceTree = "<group>"; };
		37A5B6481D2E444700F09090 /* CDTestCustomGroupController.h */ = {isa = PBXFileReference; fileEncoding = 4; lastKnownFileType = sourcecode.c.h; path = CDTestCustomGroupController.h; sourceTree = "<group>"; };
		37A5B6491D2E444700F09090 /* CDTestCustomGroupController.m */ = {isa = PBXFileReference; fileEncoding = 4; lastKnownFileType = sourcecode.c.objc; path = CDTestCustomGroupController.m; sourceTree = "<group>"; };
		37B22C5F1D45B81E007FB197 /* UIImage+CDColorCategory.h */ = {isa = PBXFileReference; fileEncoding = 4; lastKnownFileType = sourcecode.c.h; path = "UIImage+CDColorCategory.h"; sourceTree = "<group>"; };
		37B22C601D45B81E007FB197 /* UIImage+CDColorCategory.m */ = {isa = PBXFileReference; fileEncoding = 4; lastKnownFileType = sourcecode.c.objc; path = "UIImage+CDColorCategory.m"; sourceTree = "<group>"; };
		37B8EB0D1D4065AF0062C4B6 /* CDConstSetup.m */ = {isa = PBXFileReference; fileEncoding = 4; lastKnownFileType = sourcecode.c.objc; path = CDConstSetup.m; sourceTree = "<group>"; };
		37B8EB0F1D40679A0062C4B6 /* CDConstSetup.h */ = {isa = PBXFileReference; fileEncoding = 4; lastKnownFileType = sourcecode.c.h; path = CDConstSetup.h; sourceTree = "<group>"; };
		37B8EB1B1D40B3640062C4B6 /* FXBlurView.h */ = {isa = PBXFileReference; fileEncoding = 4; lastKnownFileType = sourcecode.c.h; path = FXBlurView.h; sourceTree = "<group>"; };
		37B8EB1C1D40B3640062C4B6 /* FXBlurView.m */ = {isa = PBXFileReference; fileEncoding = 4; lastKnownFileType = sourcecode.c.objc; path = FXBlurView.m; sourceTree = "<group>"; };
		37B8EB1E1D40B3900062C4B6 /* CDTestBlurViewController.h */ = {isa = PBXFileReference; fileEncoding = 4; lastKnownFileType = sourcecode.c.h; path = CDTestBlurViewController.h; sourceTree = "<group>"; };
		37B8EB1F1D40B3900062C4B6 /* CDTestBlurViewController.m */ = {isa = PBXFileReference; fileEncoding = 4; lastKnownFileType = sourcecode.c.objc; path = CDTestBlurViewController.m; sourceTree = "<group>"; };
		37B8EB211D40B4F40062C4B6 /* IMG_2705.JPG */ = {isa = PBXFileReference; lastKnownFileType = image.jpeg; path = IMG_2705.JPG; sourceTree = "<group>"; };
		37B8EB221D40B4F40062C4B6 /* IMG_2717.PNG */ = {isa = PBXFileReference; lastKnownFileType = image.png; path = IMG_2717.PNG; sourceTree = "<group>"; };
		37B8EB231D40B4F40062C4B6 /* IMG_2718.PNG */ = {isa = PBXFileReference; lastKnownFileType = image.png; path = IMG_2718.PNG; sourceTree = "<group>"; };
		37DAF8771D33A287001BF809 /* CDTestAutoLayoutViewController.h */ = {isa = PBXFileReference; fileEncoding = 4; lastKnownFileType = sourcecode.c.h; path = CDTestAutoLayoutViewController.h; sourceTree = "<group>"; };
		37DAF8781D33A287001BF809 /* CDTestAutoLayoutViewController.m */ = {isa = PBXFileReference; fileEncoding = 4; lastKnownFileType = sourcecode.c.objc; path = CDTestAutoLayoutViewController.m; sourceTree = "<group>"; };
		37DAF87A1D33A3F1001BF809 /* CDAutoLayoutTableCell.h */ = {isa = PBXFileReference; fileEncoding = 4; lastKnownFileType = sourcecode.c.h; path = CDAutoLayoutTableCell.h; sourceTree = "<group>"; };
		37DAF87B1D33A3F1001BF809 /* CDAutoLayoutTableCell.m */ = {isa = PBXFileReference; fileEncoding = 4; lastKnownFileType = sourcecode.c.objc; path = CDAutoLayoutTableCell.m; sourceTree = "<group>"; };
		37DAF87D1D33A456001BF809 /* CDBaseTableViewCell.h */ = {isa = PBXFileReference; fileEncoding = 4; lastKnownFileType = sourcecode.c.h; path = CDBaseTableViewCell.h; sourceTree = "<group>"; };
		37DAF87E1D33A456001BF809 /* CDBaseTableViewCell.m */ = {isa = PBXFileReference; fileEncoding = 4; lastKnownFileType = sourcecode.c.objc; path = CDBaseTableViewCell.m; sourceTree = "<group>"; };
		37DD7D441D30D6D80053C326 /* test_icon.png */ = {isa = PBXFileReference; lastKnownFileType = image.png; path = test_icon.png; sourceTree = "<group>"; };
		4BB1CEF029DE4E2CCD40335A /* Pods-CDFunctionTestProject.debug.xcconfig */ = {isa = PBXFileReference; includeInIndex = 1; lastKnownFileType = text.xcconfig; name = "Pods-CDFunctionTestProject.debug.xcconfig"; path = "Pods/Target Support Files/Pods-CDFunctionTestProject/Pods-CDFunctionTestProject.debug.xcconfig"; sourceTree = "<group>"; };
		F5A388F56147CCBE0E353B4F /* libPods-CDFunctionTestProject.a */ = {isa = PBXFileReference; explicitFileType = archive.ar; includeInIndex = 0; path = "libPods-CDFunctionTestProject.a"; sourceTree = BUILT_PRODUCTS_DIR; };
		FBDEFD3E84FF096BD97BEDF0 /* Pods-CDFunctionTestProject.release.xcconfig */ = {isa = PBXFileReference; includeInIndex = 1; lastKnownFileType = text.xcconfig; name = "Pods-CDFunctionTestProject.release.xcconfig"; path = "Pods/Target Support Files/Pods-CDFunctionTestProject/Pods-CDFunctionTestProject.release.xcconfig"; sourceTree = "<group>"; };
/* End PBXFileReference section */

/* Begin PBXFrameworksBuildPhase section */
		3725800E1D1E79C7002629B4 /* Frameworks */ = {
			isa = PBXFrameworksBuildPhase;
			buildActionMask = 2147483647;
			files = (
				3725803A1D1E7D50002629B4 /* Foundation.framework in Frameworks */,
				372580381D1E7D36002629B4 /* UIKit.framework in Frameworks */,
				78DBA9475F1CBF735734A38E /* libPods-CDFunctionTestProject.a in Frameworks */,
			);
			runOnlyForDeploymentPostprocessing = 0;
		};
/* End PBXFrameworksBuildPhase section */

/* Begin PBXGroup section */
		372580081D1E79C7002629B4 = {
			isa = PBXGroup;
			children = (
				372580361D1E7D19002629B4 /* Frameworks */,
				372580131D1E79C7002629B4 /* CDFunctionTestProject */,
				372580121D1E79C7002629B4 /* Products */,
				6DC3792397AC50F4A1342E91 /* Pods */,
			);
			sourceTree = "<group>";
		};
		372580121D1E79C7002629B4 /* Products */ = {
			isa = PBXGroup;
			children = (
				372580111D1E79C7002629B4 /* CDFunctionTestProject.app */,
			);
			name = Products;
			sourceTree = "<group>";
		};
		372580131D1E79C7002629B4 /* CDFunctionTestProject */ = {
			isa = PBXGroup;
			children = (
				3725802B1D1E7A33002629B4 /* Class */,
				372580141D1E79C7002629B4 /* Supporting Files */,
			);
			path = CDFunctionTestProject;
			sourceTree = "<group>";
		};
		372580141D1E79C7002629B4 /* Supporting Files */ = {
			isa = PBXGroup;
			children = (
				3793E3451D38E8E400955777 /* CDHeaderDefine.h */,
				37B8EB0F1D40679A0062C4B6 /* CDConstSetup.h */,
				37B8EB0D1D4065AF0062C4B6 /* CDConstSetup.m */,
				372580171D1E79C7002629B4 /* AppDelegate.h */,
				372580181D1E79C7002629B4 /* AppDelegate.m */,
				372580351D1E7C07002629B4 /* PrefixHeader.pch */,
				372580221D1E79C7002629B4 /* LaunchScreen.storyboard */,
				372580251D1E79C7002629B4 /* Info.plist */,
				372580151D1E79C7002629B4 /* main.m */,
				372580201D1E79C7002629B4 /* Assets.xcassets */,
			);
			name = "Supporting Files";
			sourceTree = "<group>";
		};
		3725802B1D1E7A33002629B4 /* Class */ = {
			isa = PBXGroup;
			children = (
				375112E91D49A57700810727 /* Cell的长按拖动功能 */,
				3725803B1D1E7DBA002629B4 /* CDMainViewController.h */,
				3725803C1D1E7DBA002629B4 /* CDMainViewController.m */,
				3769EFEF1D41F6AA008B5083 /* TabBarControllerAndBlur */,
				37B8EB101D40A9C90062C4B6 /* View高斯模糊 */,
				37532F011D3DD08D003CFE0C /* NSObject自定义模型基类 */,
				3793E3461D38EE7500955777 /* iOS字体大全 */,
				37DAF8741D33A26D001BF809 /* SDAutolayout功能验证 */,
				37DAF8711D333748001BF809 /* View的部分动画功能 */,
				379D7D3C1D2F86A50061F2B6 /* CollectionView菜单选项 */,
				37A5B6281D2DF9D100F09090 /* TableView自定义扩展 */,
				3725802C1D1E7AB6002629B4 /* CollectionView扩展功能 */,
				3725803E1D1E861F002629B4 /* Libs */,
			);
			path = Class;
			sourceTree = "<group>";
		};
		3725802C1D1E7AB6002629B4 /* CollectionView扩展功能 */ = {
			isa = PBXGroup;
			children = (
				3725802D1D1E7AB6002629B4 /* Controller */,
				3725802E1D1E7AB6002629B4 /* View */,
			);
			path = "CollectionView扩展功能";
			sourceTree = "<group>";
		};
		3725802D1D1E7AB6002629B4 /* Controller */ = {
			isa = PBXGroup;
			children = (
				3725802F1D1E7AE7002629B4 /* CDCollectionViewController.h */,
				372580301D1E7AE7002629B4 /* CDCollectionViewController.m */,
			);
			path = Controller;
			sourceTree = "<group>";
		};
		3725802E1D1E7AB6002629B4 /* View */ = {
			isa = PBXGroup;
			children = (
				372580321D1E7B3A002629B4 /* CDCollectionViewFlowLayout.h */,
				372580331D1E7B3A002629B4 /* CDCollectionViewFlowLayout.m */,
			);
			path = View;
			sourceTree = "<group>";
		};
		372580361D1E7D19002629B4 /* Frameworks */ = {
			isa = PBXGroup;
			children = (
				372580391D1E7D50002629B4 /* Foundation.framework */,
				372580371D1E7D36002629B4 /* UIKit.framework */,
				F5A388F56147CCBE0E353B4F /* libPods-CDFunctionTestProject.a */,
			);
			name = Frameworks;
			sourceTree = "<group>";
		};
		3725803E1D1E861F002629B4 /* Libs */ = {
			isa = PBXGroup;
			children = (
				3705E9341D4608690028753A /* CDBaseViewController.h */,
				3705E9351D4608690028753A /* CDBaseViewController.m */,
				37DAF87D1D33A456001BF809 /* CDBaseTableViewCell.h */,
				37DAF87E1D33A456001BF809 /* CDBaseTableViewCell.m */,
				372580431D1E86BF002629B4 /* UIView+CDViewCategory.h */,
				372580441D1E86BF002629B4 /* UIView+CDViewCategory.m */,
				3769F0261D421E3B008B5083 /* CDBaseNavigationController.h */,
				3769F0271D421E3B008B5083 /* CDBaseNavigationController.m */,
				37B22C5F1D45B81E007FB197 /* UIImage+CDColorCategory.h */,
				37B22C601D45B81E007FB197 /* UIImage+CDColorCategory.m */,
			);
			path = Libs;
			sourceTree = "<group>";
		};
		374FE59A1D348CBC00AD089B /* Model */ = {
			isa = PBXGroup;
			children = (
				374FE59B1D348CD300AD089B /* CDAutoModel.h */,
				374FE59C1D348CD300AD089B /* CDAutoModel.m */,
			);
			path = Model;
			sourceTree = "<group>";
		};
		375112E91D49A57700810727 /* Cell的长按拖动功能 */ = {
			isa = PBXGroup;
			children = (
				375112EA1D49A57700810727 /* Controller */,
				375112EB1D49A57700810727 /* View */,
			);
			path = "Cell的长按拖动功能";
			sourceTree = "<group>";
		};
		375112EA1D49A57700810727 /* Controller */ = {
			isa = PBXGroup;
			children = (
				375112EC1D49A59C00810727 /* CDTestCellLongPressViewController.h */,
				375112ED1D49A59C00810727 /* CDTestCellLongPressViewController.m */,
			);
			path = Controller;
			sourceTree = "<group>";
		};
		375112EB1D49A57700810727 /* View */ = {
			isa = PBXGroup;
			children = (
				375112EF1D49A7D700810727 /* CDLongPressCell.h */,
				375112F01D49A7D700810727 /* CDLongPressCell.m */,
			);
			path = View;
			sourceTree = "<group>";
		};
		37532F011D3DD08D003CFE0C /* NSObject自定义模型基类 */ = {
			isa = PBXGroup;
			children = (
				37532F021D3DD08D003CFE0C /* Controller */,
				37532F031D3DD08D003CFE0C /* Model */,
				37532F041D3DD08D003CFE0C /* View */,
			);
			path = "NSObject自定义模型基类";
			sourceTree = "<group>";
		};
		37532F021D3DD08D003CFE0C /* Controller */ = {
			isa = PBXGroup;
			children = (
				37532F051D3DD0BD003CFE0C /* CDTestBaseModelViewController.h */,
				37532F061D3DD0BD003CFE0C /* CDTestBaseModelViewController.m */,
			);
			path = Controller;
			sourceTree = "<group>";
		};
		37532F031D3DD08D003CFE0C /* Model */ = {
			isa = PBXGroup;
			children = (
				37532F0B1D3DD2A1003CFE0C /* CDTestModel.h */,
				37532F0C1D3DD2A1003CFE0C /* CDTestModel.m */,
				3774CBD91D3F793600240D43 /* CDBaseObject.h */,
				3774CBDA1D3F793600240D43 /* CDBaseObject.m */,
			);
			path = Model;
			sourceTree = "<group>";
		};
		37532F041D3DD08D003CFE0C /* View */ = {
			isa = PBXGroup;
			children = (
			);
			path = View;
			sourceTree = "<group>";
		};
		3769EFEF1D41F6AA008B5083 /* TabBarControllerAndBlur */ = {
			isa = PBXGroup;
			children = (
				3769EFF01D41F6AA008B5083 /* Controller */,
				3769EFF61D41F6AA008B5083 /* View */,
			);
			path = TabBarControllerAndBlur;
			sourceTree = "<group>";
		};
		3769EFF01D41F6AA008B5083 /* Controller */ = {
			isa = PBXGroup;
			children = (
				3769EFF91D41F6C3008B5083 /* CDTestTabBarViewController.h */,
				3769EFFA1D41F6C3008B5083 /* CDTestTabBarViewController.m */,
				3769F0141D420059008B5083 /* ExampleControllers */,
			);
			path = Controller;
			sourceTree = "<group>";
		};
		3769EFF61D41F6AA008B5083 /* View */ = {
			isa = PBXGroup;
			children = (
				3705E92B1D45EFD00028753A /* CDTabBar.h */,
				3705E92C1D45EFD00028753A /* CDTabBar.m */,
			);
			path = View;
			sourceTree = "<group>";
		};
		3769F0141D420059008B5083 /* ExampleControllers */ = {
			isa = PBXGroup;
			children = (
				3769F0191D420059008B5083 /* CDOneTabBarViewController.h */,
				3769F01A1D420059008B5083 /* CDOneTabBarViewController.m */,
				3769F01D1D420059008B5083 /* CDTwoTabBarViewController.h */,
				3769F01E1D420059008B5083 /* CDTwoTabBarViewController.m */,
				3705E9281D45ECF10028753A /* CDCenterViewController.h */,
				3705E9291D45ECF10028753A /* CDCenterViewController.m */,
				3769F01B1D420059008B5083 /* CDThreeTabBarViewController.h */,
				3769F01C1D420059008B5083 /* CDThreeTabBarViewController.m */,
				3769F0171D420059008B5083 /* CDFourTabBarViewController.h */,
				3769F0181D420059008B5083 /* CDFourTabBarViewController.m */,
			);
			path = ExampleControllers;
			sourceTree = "<group>";
		};
		376E1A2C1D47353E00D62128 /* ContinueFrame */ = {
			isa = PBXGroup;
			children = (
				376E1A2D1D47353E00D62128 /* loadingState270-0001.png */,
				376E1A2E1D47353E00D62128 /* loadingState270-0002.png */,
				376E1A2F1D47353E00D62128 /* loadingState270-0003.png */,
				376E1A301D47353E00D62128 /* loadingState270-0004.png */,
				376E1A311D47353E00D62128 /* loadingState270-0005.png */,
				376E1A321D47353E00D62128 /* loadingState270-0006.png */,
				376E1A331D47353E00D62128 /* loadingState270-0007.png */,
				376E1A341D47353E00D62128 /* loadingState270-0008.png */,
				376E1A351D47353E00D62128 /* loadingState270-0009.png */,
				376E1A451D47359A00D62128 /* loadingState270-00010.png */,
				376E1A461D47359A00D62128 /* loadingState270-00011.png */,
				376E1A471D47359A00D62128 /* loadingState270-00012.png */,
			);
			path = ContinueFrame;
			sourceTree = "<group>";
		};
		3793E3461D38EE7500955777 /* iOS字体大全 */ = {
			isa = PBXGroup;
			children = (
				3793E3471D38EE7500955777 /* Controller */,
				3793E3481D38EE7500955777 /* View */,
			);
			path = "iOS字体大全";
			sourceTree = "<group>";
		};
		3793E3471D38EE7500955777 /* Controller */ = {
			isa = PBXGroup;
			children = (
				3793E3491D38EE8B00955777 /* CDTestFontViewController.h */,
				3793E34A1D38EE8B00955777 /* CDTestFontViewController.m */,
			);
			path = Controller;
			sourceTree = "<group>";
		};
		3793E3481D38EE7500955777 /* View */ = {
			isa = PBXGroup;
			children = (
			);
			path = View;
			sourceTree = "<group>";
		};
		379D7D3C1D2F86A50061F2B6 /* CollectionView菜单选项 */ = {
			isa = PBXGroup;
			children = (
				379D7D3D1D2F86A50061F2B6 /* Controller */,
				379D7D3E1D2F86A50061F2B6 /* View */,
			);
			path = "CollectionView菜单选项";
			sourceTree = "<group>";
		};
		379D7D3D1D2F86A50061F2B6 /* Controller */ = {
			isa = PBXGroup;
			children = (
				379D7D451D2F91CC0061F2B6 /* CDTestMenuViewController.h */,
				379D7D461D2F91CC0061F2B6 /* CDTestMenuViewController.m */,
			);
			path = Controller;
			sourceTree = "<group>";
		};
		379D7D3E1D2F86A50061F2B6 /* View */ = {
			isa = PBXGroup;
			children = (
				37DD7D441D30D6D80053C326 /* test_icon.png */,
				379D7D3F1D2F86EA0061F2B6 /* CDMenuView.h */,
				379D7D401D2F86EA0061F2B6 /* CDMenuView.m */,
				379D7D421D2F88150061F2B6 /* CDMenuCollectionCell.h */,
				379D7D431D2F88150061F2B6 /* CDMenuCollectionCell.m */,
			);
			path = View;
			sourceTree = "<group>";
		};
		37A5B6281D2DF9D100F09090 /* TableView自定义扩展 */ = {
			isa = PBXGroup;
			children = (
				37A5B6291D2DF9D100F09090 /* Controller */,
				37A5B62A1D2DF9D100F09090 /* View */,
			);
			path = "TableView自定义扩展";
			sourceTree = "<group>";
		};
		37A5B6291D2DF9D100F09090 /* Controller */ = {
			isa = PBXGroup;
			children = (
				37A5B6481D2E444700F09090 /* CDTestCustomGroupController.h */,
				37A5B6491D2E444700F09090 /* CDTestCustomGroupController.m */,
			);
			path = Controller;
			sourceTree = "<group>";
		};
		37A5B62A1D2DF9D100F09090 /* View */ = {
			isa = PBXGroup;
			children = (
				37A5B62B1D2DF9D100F09090 /* Cells */,
				37A5B63B1D2E2C7100F09090 /* JMRoundedCorner */,
				37A5B62C1D2DF9D100F09090 /* CExpandHeader */,
			);
			path = View;
			sourceTree = "<group>";
		};
		37A5B62B1D2DF9D100F09090 /* Cells */ = {
			isa = PBXGroup;
			children = (
				37A5B6421D2E349400F09090 /* CDTestTableCell.h */,
				37A5B6431D2E349400F09090 /* CDTestTableCell.m */,
				37A5B6381D2E07EB00F09090 /* CDBaseTableViewCell+CDGroupCellCategory.h */,
				37A5B6391D2E07EB00F09090 /* CDBaseTableViewCell+CDGroupCellCategory.m */,
			);
			path = Cells;
			sourceTree = "<group>";
		};
		37A5B62C1D2DF9D100F09090 /* CExpandHeader */ = {
			isa = PBXGroup;
			children = (
				37A5B62D1D2DF9D100F09090 /* CExpandHeader.h */,
				37A5B62E1D2DF9D100F09090 /* CExpandHeader.m */,
				37A5B62F1D2DF9D100F09090 /* header_view_image_bg.jpg */,
			);
			path = CExpandHeader;
			sourceTree = "<group>";
		};
		37A5B63B1D2E2C7100F09090 /* JMRoundedCorner */ = {
			isa = PBXGroup;
			children = (
				37A5B63C1D2E2C7100F09090 /* UIImage+RoundedCorner.h */,
				37A5B63D1D2E2C7100F09090 /* UIImage+RoundedCorner.m */,
				37A5B63E1D2E2C7100F09090 /* UIView+RoundedCorner.h */,
				37A5B63F1D2E2C7100F09090 /* UIView+RoundedCorner.m */,
			);
			path = JMRoundedCorner;
			sourceTree = "<group>";
		};
		37B8EB101D40A9C90062C4B6 /* View高斯模糊 */ = {
			isa = PBXGroup;
			children = (
				37B8EB111D40A9C90062C4B6 /* Controller */,
				37B8EB121D40A9C90062C4B6 /* View */,
			);
			path = "View高斯模糊";
			sourceTree = "<group>";
		};
		37B8EB111D40A9C90062C4B6 /* Controller */ = {
			isa = PBXGroup;
			children = (
				37B8EB1E1D40B3900062C4B6 /* CDTestBlurViewController.h */,
				37B8EB1F1D40B3900062C4B6 /* CDTestBlurViewController.m */,
			);
			path = Controller;
			sourceTree = "<group>";
		};
		37B8EB121D40A9C90062C4B6 /* View */ = {
			isa = PBXGroup;
			children = (
				37B8EB211D40B4F40062C4B6 /* IMG_2705.JPG */,
				37B8EB221D40B4F40062C4B6 /* IMG_2717.PNG */,
				37B8EB231D40B4F40062C4B6 /* IMG_2718.PNG */,
				37B8EB1B1D40B3640062C4B6 /* FXBlurView.h */,
				37B8EB1C1D40B3640062C4B6 /* FXBlurView.m */,
			);
			path = View;
			sourceTree = "<group>";
		};
		37DAF8711D333748001BF809 /* View的部分动画功能 */ = {
			isa = PBXGroup;
			children = (
				37DAF8721D333748001BF809 /* Controller */,
				37DAF8731D333748001BF809 /* View */,
			);
			path = "View的部分动画功能";
			sourceTree = "<group>";
		};
		37DAF8721D333748001BF809 /* Controller */ = {
			isa = PBXGroup;
			children = (
				374FE59E1D34C2E400AD089B /* CDTestAnimationViewController.h */,
				374FE59F1D34C2E400AD089B /* CDTestAnimationViewController.m */,
				376C161F1D3CAD41002AA201 /* CDFlipAnimation.h */,
				376C16201D3CAD41002AA201 /* CDFlipAnimation.m */,
				376C16221D3CAFF6002AA201 /* CDWaveAnimation.h */,
				376C16231D3CAFF6002AA201 /* CDWaveAnimation.m */,
				376E1A151D46F28A00D62128 /* CDRippleAnimation.h */,
				376E1A161D46F28A00D62128 /* CDRippleAnimation.m */,
				376E1A181D46F8C100D62128 /* CDCubeAnimation.h */,
				376E1A191D46F8C100D62128 /* CDCubeAnimation.m */,
				376E1A291D4733F200D62128 /* CDContinueFrameAnimation.h */,
				376E1A2A1D4733F200D62128 /* CDContinueFrameAnimation.m */,
			);
			path = Controller;
			sourceTree = "<group>";
		};
		37DAF8731D333748001BF809 /* View */ = {
			isa = PBXGroup;
			children = (
				376E1A2C1D47353E00D62128 /* ContinueFrame */,
				376E1A251D470AA500D62128 /* 0.jpg */,
				376E1A261D470AA500D62128 /* 4.jpg */,
				376E1A1B1D46F9D800D62128 /* 1.jpg */,
				376E1A1C1D46F9D800D62128 /* 2.jpg */,
				376E1A1D1D46F9D800D62128 /* 3.jpg */,
				376C16251D3CDC6A002AA201 /* CDViewAnimation.h */,
				376C16261D3CDC6A002AA201 /* CDViewAnimation.m */,
			);
			path = View;
			sourceTree = "<group>";
		};
		37DAF8741D33A26D001BF809 /* SDAutolayout功能验证 */ = {
			isa = PBXGroup;
			children = (
				37DAF8751D33A26D001BF809 /* Controller */,
				374FE59A1D348CBC00AD089B /* Model */,
				37DAF8761D33A26D001BF809 /* View */,
			);
			path = "SDAutolayout功能验证";
			sourceTree = "<group>";
		};
		37DAF8751D33A26D001BF809 /* Controller */ = {
			isa = PBXGroup;
			children = (
				37DAF8771D33A287001BF809 /* CDTestAutoLayoutViewController.h */,
				37DAF8781D33A287001BF809 /* CDTestAutoLayoutViewController.m */,
			);
			path = Controller;
			sourceTree = "<group>";
		};
		37DAF8761D33A26D001BF809 /* View */ = {
			isa = PBXGroup;
			children = (
				37DAF87A1D33A3F1001BF809 /* CDAutoLayoutTableCell.h */,
				37DAF87B1D33A3F1001BF809 /* CDAutoLayoutTableCell.m */,
			);
			path = View;
			sourceTree = "<group>";
		};
		6DC3792397AC50F4A1342E91 /* Pods */ = {
			isa = PBXGroup;
			children = (
				4BB1CEF029DE4E2CCD40335A /* Pods-CDFunctionTestProject.debug.xcconfig */,
				FBDEFD3E84FF096BD97BEDF0 /* Pods-CDFunctionTestProject.release.xcconfig */,
			);
			name = Pods;
			sourceTree = "<group>";
		};
/* End PBXGroup section */

/* Begin PBXNativeTarget section */
		372580101D1E79C7002629B4 /* CDFunctionTestProject */ = {
			isa = PBXNativeTarget;
			buildConfigurationList = 372580281D1E79C7002629B4 /* Build configuration list for PBXNativeTarget "CDFunctionTestProject" */;
			buildPhases = (
				2FC474AA0B313DB736945AD3 /* [CP] Check Pods Manifest.lock */,
				3725800D1D1E79C7002629B4 /* Sources */,
				3725800E1D1E79C7002629B4 /* Frameworks */,
				3725800F1D1E79C7002629B4 /* Resources */,
				F63857D80B551B3721D61486 /* [CP] Embed Pods Frameworks */,
				941D5E644A24EB5AC422CBDC /* [CP] Copy Pods Resources */,
			);
			buildRules = (
			);
			dependencies = (
			);
			name = CDFunctionTestProject;
			productName = CDFunctionTestProject;
			productReference = 372580111D1E79C7002629B4 /* CDFunctionTestProject.app */;
			productType = "com.apple.product-type.application";
		};
/* End PBXNativeTarget section */

/* Begin PBXProject section */
		372580091D1E79C7002629B4 /* Project object */ = {
			isa = PBXProject;
			attributes = {
				LastUpgradeCheck = 0730;
				ORGANIZATIONNAME = Cindy;
				TargetAttributes = {
					372580101D1E79C7002629B4 = {
						CreatedOnToolsVersion = 7.3.1;
						DevelopmentTeam = HAVW69XLUJ;
					};
				};
			};
			buildConfigurationList = 3725800C1D1E79C7002629B4 /* Build configuration list for PBXProject "CDFunctionTestProject" */;
			compatibilityVersion = "Xcode 3.2";
			developmentRegion = English;
			hasScannedForEncodings = 0;
			knownRegions = (
				en,
				Base,
			);
			mainGroup = 372580081D1E79C7002629B4;
			productRefGroup = 372580121D1E79C7002629B4 /* Products */;
			projectDirPath = "";
			projectRoot = "";
			targets = (
				372580101D1E79C7002629B4 /* CDFunctionTestProject */,
			);
		};
/* End PBXProject section */

/* Begin PBXResourcesBuildPhase section */
		3725800F1D1E79C7002629B4 /* Resources */ = {
			isa = PBXResourcesBuildPhase;
			buildActionMask = 2147483647;
			files = (
				376E1A481D47359A00D62128 /* loadingState270-00010.png in Resources */,
				376E1A401D47353E00D62128 /* loadingState270-0008.png in Resources */,
				376E1A281D470AA500D62128 /* 4.jpg in Resources */,
				376E1A271D470AA500D62128 /* 0.jpg in Resources */,
				376E1A4A1D47359A00D62128 /* loadingState270-00012.png in Resources */,
				376E1A3E1D47353E00D62128 /* loadingState270-0006.png in Resources */,
				37A5B6311D2DF9D100F09090 /* header_view_image_bg.jpg in Resources */,
				376E1A411D47353E00D62128 /* loadingState270-0009.png in Resources */,
				372580241D1E79C7002629B4 /* LaunchScreen.storyboard in Resources */,
				376E1A3C1D47353E00D62128 /* loadingState270-0004.png in Resources */,
				376E1A391D47353E00D62128 /* loadingState270-0001.png in Resources */,
				376E1A3B1D47353E00D62128 /* loadingState270-0003.png in Resources */,
				37B8EB261D40B4F40062C4B6 /* IMG_2718.PNG in Resources */,
				376E1A1F1D46F9D800D62128 /* 2.jpg in Resources */,
				37B8EB251D40B4F40062C4B6 /* IMG_2717.PNG in Resources */,
				376E1A201D46F9D800D62128 /* 3.jpg in Resources */,
				37B8EB241D40B4F40062C4B6 /* IMG_2705.JPG in Resources */,
				376E1A1E1D46F9D800D62128 /* 1.jpg in Resources */,
				376E1A491D47359A00D62128 /* loadingState270-00011.png in Resources */,
				37DD7D451D30D6D80053C326 /* test_icon.png in Resources */,
				376E1A3A1D47353E00D62128 /* loadingState270-0002.png in Resources */,
				376E1A3D1D47353E00D62128 /* loadingState270-0005.png in Resources */,
				372580211D1E79C7002629B4 /* Assets.xcassets in Resources */,
				376E1A3F1D47353E00D62128 /* loadingState270-0007.png in Resources */,
			);
			runOnlyForDeploymentPostprocessing = 0;
		};
/* End PBXResourcesBuildPhase section */

/* Begin PBXShellScriptBuildPhase section */
		2FC474AA0B313DB736945AD3 /* [CP] Check Pods Manifest.lock */ = {
			isa = PBXShellScriptBuildPhase;
			buildActionMask = 2147483647;
			files = (
			);
			inputPaths = (
			);
			name = "[CP] Check Pods Manifest.lock";
			outputPaths = (
			);
			runOnlyForDeploymentPostprocessing = 0;
			shellPath = /bin/sh;
			shellScript = "diff \"${PODS_ROOT}/../Podfile.lock\" \"${PODS_ROOT}/Manifest.lock\" > /dev/null\nif [[ $? != 0 ]] ; then\n    cat << EOM\nerror: The sandbox is not in sync with the Podfile.lock. Run 'pod install' or update your CocoaPods installation.\nEOM\n    exit 1\nfi\n";
			showEnvVarsInLog = 0;
		};
		941D5E644A24EB5AC422CBDC /* [CP] Copy Pods Resources */ = {
			isa = PBXShellScriptBuildPhase;
			buildActionMask = 2147483647;
			files = (
			);
			inputPaths = (
			);
			name = "[CP] Copy Pods Resources";
			outputPaths = (
			);
			runOnlyForDeploymentPostprocessing = 0;
			shellPath = /bin/sh;
			shellScript = "\"${SRCROOT}/Pods/Target Support Files/Pods-CDFunctionTestProject/Pods-CDFunctionTestProject-resources.sh\"\n";
			showEnvVarsInLog = 0;
		};
		F63857D80B551B3721D61486 /* [CP] Embed Pods Frameworks */ = {
			isa = PBXShellScriptBuildPhase;
			buildActionMask = 2147483647;
			files = (
			);
			inputPaths = (
			);
			name = "[CP] Embed Pods Frameworks";
			outputPaths = (
			);
			runOnlyForDeploymentPostprocessing = 0;
			shellPath = /bin/sh;
			shellScript = "\"${SRCROOT}/Pods/Target Support Files/Pods-CDFunctionTestProject/Pods-CDFunctionTestProject-frameworks.sh\"\n";
			showEnvVarsInLog = 0;
		};
/* End PBXShellScriptBuildPhase section */

/* Begin PBXSourcesBuildPhase section */
		3725800D1D1E79C7002629B4 /* Sources */ = {
			isa = PBXSourcesBuildPhase;
			buildActionMask = 2147483647;
			files = (
				376C16271D3CDC6A002AA201 /* CDViewAnimation.m in Sources */,
				379D7D411D2F86EA0061F2B6 /* CDMenuView.m in Sources */,
				37A5B6441D2E349400F09090 /* CDTestTableCell.m in Sources */,
				376C16241D3CAFF6002AA201 /* CDWaveAnimation.m in Sources */,
				37B22C611D45B81E007FB197 /* UIImage+CDColorCategory.m in Sources */,
				372580191D1E79C7002629B4 /* AppDelegate.m in Sources */,
				37A5B63A1D2E07EB00F09090 /* CDBaseTableViewCell+CDGroupCellCategory.m in Sources */,
				374FE5A01D34C2E400AD089B /* CDTestAnimationViewController.m in Sources */,
				376E1A171D46F28A00D62128 /* CDRippleAnimation.m in Sources */,
				3769F0231D420059008B5083 /* CDTwoTabBarViewController.m in Sources */,
				3769EFFB1D41F6C3008B5083 /* CDTestTabBarViewController.m in Sources */,
				37532F0D1D3DD2A1003CFE0C /* CDTestModel.m in Sources */,
				37DAF87F1D33A456001BF809 /* CDBaseTableViewCell.m in Sources */,
				3725803D1D1E7DBA002629B4 /* CDMainViewController.m in Sources */,
				37A5B6401D2E2C7100F09090 /* UIImage+RoundedCorner.m in Sources */,
				372580451D1E86BF002629B4 /* UIView+CDViewCategory.m in Sources */,
				3793E34B1D38EE8B00955777 /* CDTestFontViewController.m in Sources */,
				3774CBDB1D3F793600240D43 /* CDBaseObject.m in Sources */,
				376E1A1A1D46F8C100D62128 /* CDCubeAnimation.m in Sources */,
				379D7D471D2F91CC0061F2B6 /* CDTestMenuViewController.m in Sources */,
				3705E92D1D45EFD00028753A /* CDTabBar.m in Sources */,
				375112EE1D49A59C00810727 /* CDTestCellLongPressViewController.m in Sources */,
				3769F0221D420059008B5083 /* CDThreeTabBarViewController.m in Sources */,
				37532F071D3DD0BD003CFE0C /* CDTestBaseModelViewController.m in Sources */,
				37B8EB1D1D40B3640062C4B6 /* FXBlurView.m in Sources */,
				379D7D441D2F88150061F2B6 /* CDMenuCollectionCell.m in Sources */,
				37DAF87C1D33A3F1001BF809 /* CDAutoLayoutTableCell.m in Sources */,
				37B8EB201D40B3900062C4B6 /* CDTestBlurViewController.m in Sources */,
				3769F0211D420059008B5083 /* CDOneTabBarViewController.m in Sources */,
				3705E9361D4608690028753A /* CDBaseViewController.m in Sources */,
				376C16211D3CAD41002AA201 /* CDFlipAnimation.m in Sources */,
				372580311D1E7AE7002629B4 /* CDCollectionViewController.m in Sources */,
				37B8EB0E1D4065AF0062C4B6 /* CDConstSetup.m in Sources */,
				375112F11D49A7D700810727 /* CDLongPressCell.m in Sources */,
				374FE59D1D348CD300AD089B /* CDAutoModel.m in Sources */,
				37DAF8791D33A287001BF809 /* CDTestAutoLayoutViewController.m in Sources */,
				3769F0281D421E3B008B5083 /* CDBaseNavigationController.m in Sources */,
				372580161D1E79C7002629B4 /* main.m in Sources */,
				3769F0201D420059008B5083 /* CDFourTabBarViewController.m in Sources */,
				37A5B6301D2DF9D100F09090 /* CExpandHeader.m in Sources */,
				3705E92A1D45ECF10028753A /* CDCenterViewController.m in Sources */,
				37A5B64A1D2E444700F09090 /* CDTestCustomGroupController.m in Sources */,
				376E1A2B1D4733F200D62128 /* CDContinueFrameAnimation.m in Sources */,
				372580341D1E7B3A002629B4 /* CDCollectionViewFlowLayout.m in Sources */,
				37A5B6411D2E2C7100F09090 /* UIView+RoundedCorner.m in Sources */,
			);
			runOnlyForDeploymentPostprocessing = 0;
		};
/* End PBXSourcesBuildPhase section */

/* Begin PBXVariantGroup section */
		372580221D1E79C7002629B4 /* LaunchScreen.storyboard */ = {
			isa = PBXVariantGroup;
			children = (
				372580231D1E79C7002629B4 /* Base */,
			);
			name = LaunchScreen.storyboard;
			sourceTree = "<group>";
		};
/* End PBXVariantGroup section */

/* Begin XCBuildConfiguration section */
		372580261D1E79C7002629B4 /* Debug */ = {
			isa = XCBuildConfiguration;
			buildSettings = {
				ALWAYS_SEARCH_USER_PATHS = NO;
				CLANG_ANALYZER_NONNULL = YES;
				CLANG_CXX_LANGUAGE_STANDARD = "gnu++0x";
				CLANG_CXX_LIBRARY = "libc++";
				CLANG_ENABLE_MODULES = YES;
				CLANG_ENABLE_OBJC_ARC = YES;
				CLANG_WARN_BOOL_CONVERSION = YES;
				CLANG_WARN_CONSTANT_CONVERSION = YES;
				CLANG_WARN_DIRECT_OBJC_ISA_USAGE = YES_ERROR;
				CLANG_WARN_EMPTY_BODY = YES;
				CLANG_WARN_ENUM_CONVERSION = YES;
				CLANG_WARN_INT_CONVERSION = YES;
				CLANG_WARN_OBJC_ROOT_CLASS = YES_ERROR;
				CLANG_WARN_UNREACHABLE_CODE = YES;
				CLANG_WARN__DUPLICATE_METHOD_MATCH = YES;
				"CODE_SIGN_IDENTITY[sdk=iphoneos*]" = "iPhone Developer";
				COPY_PHASE_STRIP = NO;
				DEBUG_INFORMATION_FORMAT = dwarf;
				ENABLE_STRICT_OBJC_MSGSEND = YES;
				ENABLE_TESTABILITY = YES;
				GCC_C_LANGUAGE_STANDARD = gnu99;
				GCC_DYNAMIC_NO_PIC = NO;
				GCC_NO_COMMON_BLOCKS = YES;
				GCC_OPTIMIZATION_LEVEL = 0;
				GCC_PREPROCESSOR_DEFINITIONS = (
					"DEBUG=1",
					"$(inherited)",
				);
				GCC_WARN_64_TO_32_BIT_CONVERSION = YES;
				GCC_WARN_ABOUT_RETURN_TYPE = YES_ERROR;
				GCC_WARN_UNDECLARED_SELECTOR = YES;
				GCC_WARN_UNINITIALIZED_AUTOS = YES_AGGRESSIVE;
				GCC_WARN_UNUSED_FUNCTION = YES;
				GCC_WARN_UNUSED_VARIABLE = YES;
				IPHONEOS_DEPLOYMENT_TARGET = 9.3;
				MTL_ENABLE_DEBUG_INFO = YES;
				ONLY_ACTIVE_ARCH = YES;
				SDKROOT = iphoneos;
			};
			name = Debug;
		};
		372580271D1E79C7002629B4 /* Release */ = {
			isa = XCBuildConfiguration;
			buildSettings = {
				ALWAYS_SEARCH_USER_PATHS = NO;
				CLANG_ANALYZER_NONNULL = YES;
				CLANG_CXX_LANGUAGE_STANDARD = "gnu++0x";
				CLANG_CXX_LIBRARY = "libc++";
				CLANG_ENABLE_MODULES = YES;
				CLANG_ENABLE_OBJC_ARC = YES;
				CLANG_WARN_BOOL_CONVERSION = YES;
				CLANG_WARN_CONSTANT_CONVERSION = YES;
				CLANG_WARN_DIRECT_OBJC_ISA_USAGE = YES_ERROR;
				CLANG_WARN_EMPTY_BODY = YES;
				CLANG_WARN_ENUM_CONVERSION = YES;
				CLANG_WARN_INT_CONVERSION = YES;
				CLANG_WARN_OBJC_ROOT_CLASS = YES_ERROR;
				CLANG_WARN_UNREACHABLE_CODE = YES;
				CLANG_WARN__DUPLICATE_METHOD_MATCH = YES;
				"CODE_SIGN_IDENTITY[sdk=iphoneos*]" = "iPhone Developer";
				COPY_PHASE_STRIP = NO;
				DEBUG_INFORMATION_FORMAT = "dwarf-with-dsym";
				ENABLE_NS_ASSERTIONS = NO;
				ENABLE_STRICT_OBJC_MSGSEND = YES;
				GCC_C_LANGUAGE_STANDARD = gnu99;
				GCC_NO_COMMON_BLOCKS = YES;
				GCC_WARN_64_TO_32_BIT_CONVERSION = YES;
				GCC_WARN_ABOUT_RETURN_TYPE = YES_ERROR;
				GCC_WARN_UNDECLARED_SELECTOR = YES;
				GCC_WARN_UNINITIALIZED_AUTOS = YES_AGGRESSIVE;
				GCC_WARN_UNUSED_FUNCTION = YES;
				GCC_WARN_UNUSED_VARIABLE = YES;
				IPHONEOS_DEPLOYMENT_TARGET = 9.3;
				MTL_ENABLE_DEBUG_INFO = NO;
				SDKROOT = iphoneos;
				VALIDATE_PRODUCT = YES;
			};
			name = Release;
		};
		372580291D1E79C7002629B4 /* Debug */ = {
			isa = XCBuildConfiguration;
			baseConfigurationReference = 4BB1CEF029DE4E2CCD40335A /* Pods-CDFunctionTestProject.debug.xcconfig */;
			buildSettings = {
				ASSETCATALOG_COMPILER_APPICON_NAME = AppIcon;
				CODE_SIGN_IDENTITY = "iPhone Developer";
				GCC_PREFIX_HEADER = CDFunctionTestProject/PrefixHeader.pch;
				INFOPLIST_FILE = CDFunctionTestProject/Info.plist;
				IPHONEOS_DEPLOYMENT_TARGET = 9.0;
				LD_RUNPATH_SEARCH_PATHS = "$(inherited) @executable_path/Frameworks";
				PRODUCT_BUNDLE_IDENTIFIER = ByMyself.CDFunctionTestProject;
				PRODUCT_NAME = "$(TARGET_NAME)";
			};
			name = Debug;
		};
		3725802A1D1E79C7002629B4 /* Release */ = {
			isa = XCBuildConfiguration;
			baseConfigurationReference = FBDEFD3E84FF096BD97BEDF0 /* Pods-CDFunctionTestProject.release.xcconfig */;
			buildSettings = {
				ASSETCATALOG_COMPILER_APPICON_NAME = AppIcon;
				CODE_SIGN_IDENTITY = "iPhone Developer";
				GCC_PREFIX_HEADER = CDFunctionTestProject/PrefixHeader.pch;
				INFOPLIST_FILE = CDFunctionTestProject/Info.plist;
				IPHONEOS_DEPLOYMENT_TARGET = 9.0;
				LD_RUNPATH_SEARCH_PATHS = "$(inherited) @executable_path/Frameworks";
				PRODUCT_BUNDLE_IDENTIFIER = ByMyself.CDFunctionTestProject;
				PRODUCT_NAME = "$(TARGET_NAME)";
			};
			name = Release;
		};
/* End XCBuildConfiguration section */

/* Begin XCConfigurationList section */
		3725800C1D1E79C7002629B4 /* Build configuration list for PBXProject "CDFunctionTestProject" */ = {
			isa = XCConfigurationList;
			buildConfigurations = (
				372580261D1E79C7002629B4 /* Debug */,
				372580271D1E79C7002629B4 /* Release */,
			);
			defaultConfigurationIsVisible = 0;
			defaultConfigurationName = Release;
		};
		372580281D1E79C7002629B4 /* Build configuration list for PBXNativeTarget "CDFunctionTestProject" */ = {
			isa = XCConfigurationList;
			buildConfigurations = (
				372580291D1E79C7002629B4 /* Debug */,
				3725802A1D1E79C7002629B4 /* Release */,
			);
			defaultConfigurationIsVisible = 0;
			defaultConfigurationName = Release;
		};
/* End XCConfigurationList section */
	};
	rootObject = 372580091D1E79C7002629B4 /* Project object */;
}
